// !$*UTF8*$!
{
	archiveVersion = 1;
	classes = {
	};
	objectVersion = 46;
	objects = {

/* Begin PBXBuildFile section */
		0A1A61B3B8BBB867190E5564 /* Pods_TwitterDemoTests.framework in Frameworks */ = {isa = PBXBuildFile; fileRef = 9C723AAA789B567977E1769A /* Pods_TwitterDemoTests.framework */; };
		8700A5881D21BFE00027B7CE /* AppDelegate.swift in Sources */ = {isa = PBXBuildFile; fileRef = 8700A5871D21BFE00027B7CE /* AppDelegate.swift */; };
		8700A58D1D21BFE00027B7CE /* Main.storyboard in Resources */ = {isa = PBXBuildFile; fileRef = 8700A58B1D21BFE00027B7CE /* Main.storyboard */; };
		8700A58F1D21BFE00027B7CE /* Assets.xcassets in Resources */ = {isa = PBXBuildFile; fileRef = 8700A58E1D21BFE00027B7CE /* Assets.xcassets */; };
		8700A5921D21BFE00027B7CE /* LaunchScreen.storyboard in Resources */ = {isa = PBXBuildFile; fileRef = 8700A5901D21BFE00027B7CE /* LaunchScreen.storyboard */; };
		8700A59D1D21BFE00027B7CE /* TwitterDemoTests.swift in Sources */ = {isa = PBXBuildFile; fileRef = 8700A59C1D21BFE00027B7CE /* TwitterDemoTests.swift */; };
		8700A5A81D21BFE00027B7CE /* TwitterDemoUITests.swift in Sources */ = {isa = PBXBuildFile; fileRef = 8700A5A71D21BFE00027B7CE /* TwitterDemoUITests.swift */; };
		8700A5B61D21C1AB0027B7CE /* LoginViewController.swift in Sources */ = {isa = PBXBuildFile; fileRef = 8700A5B51D21C1AB0027B7CE /* LoginViewController.swift */; };
		8700A5BB1D21D7030027B7CE /* User.swift in Sources */ = {isa = PBXBuildFile; fileRef = 8700A5BA1D21D7030027B7CE /* User.swift */; };
		8700A5BD1D21D71A0027B7CE /* Tweet.swift in Sources */ = {isa = PBXBuildFile; fileRef = 8700A5BC1D21D71A0027B7CE /* Tweet.swift */; };
		8700A5BF1D21E0420027B7CE /* TwitterClient.swift in Sources */ = {isa = PBXBuildFile; fileRef = 8700A5BE1D21E0420027B7CE /* TwitterClient.swift */; };
		8700A5C11D221D730027B7CE /* TweetsViewController.swift in Sources */ = {isa = PBXBuildFile; fileRef = 8700A5C01D221D730027B7CE /* TweetsViewController.swift */; };
		879F02AD1D2312F300526FBE /* TweetsCell.swift in Sources */ = {isa = PBXBuildFile; fileRef = 879F02AC1D2312F300526FBE /* TweetsCell.swift */; };
		87CB8FE41D236C31006C47AA /* HomeDetailViewController.swift in Sources */ = {isa = PBXBuildFile; fileRef = 87CB8FE31D236C31006C47AA /* HomeDetailViewController.swift */; };
		87CB8FE61D239AC6006C47AA /* ProfileViewController.swift in Sources */ = {isa = PBXBuildFile; fileRef = 87CB8FE51D239AC6006C47AA /* ProfileViewController.swift */; };
		87CB8FE81D2445E4006C47AA /* AnyProfileViewController.swift in Sources */ = {isa = PBXBuildFile; fileRef = 87CB8FE71D2445E4006C47AA /* AnyProfileViewController.swift */; };
		87CB8FEA1D247C4E006C47AA /* ComposeViewController.swift in Sources */ = {isa = PBXBuildFile; fileRef = 87CB8FE91D247C4E006C47AA /* ComposeViewController.swift */; };
		87CB90281D26F229006C47AA /* ProfileTableViewCell.swift in Sources */ = {isa = PBXBuildFile; fileRef = 87CB90271D26F229006C47AA /* ProfileTableViewCell.swift */; };
		B64BD9B3C57E16E443BF7C90 /* Pods_TwitterDemoUITests.framework in Frameworks */ = {isa = PBXBuildFile; fileRef = 77024F4A8C3CCA6750DB600A /* Pods_TwitterDemoUITests.framework */; };
		EF68E729A7C1D0F20CA070D6 /* Pods_TwitterDemo.framework in Frameworks */ = {isa = PBXBuildFile; fileRef = 71B20FD6968D82246A2461A7 /* Pods_TwitterDemo.framework */; };
/* End PBXBuildFile section */

/* Begin PBXContainerItemProxy section */
		8700A5991D21BFE00027B7CE /* PBXContainerItemProxy */ = {
			isa = PBXContainerItemProxy;
			containerPortal = 8700A57C1D21BFE00027B7CE /* Project object */;
			proxyType = 1;
			remoteGlobalIDString = 8700A5831D21BFE00027B7CE;
			remoteInfo = TwitterDemo;
		};
		8700A5A41D21BFE00027B7CE /* PBXContainerItemProxy */ = {
			isa = PBXContainerItemProxy;
			containerPortal = 8700A57C1D21BFE00027B7CE /* Project object */;
			proxyType = 1;
			remoteGlobalIDString = 8700A5831D21BFE00027B7CE;
			remoteInfo = TwitterDemo;
		};
/* End PBXContainerItemProxy section */

/* Begin PBXFileReference section */
		0BA3C6355C4DDAE02A100985 /* Pods-TwitterDemoTests.debug.xcconfig */ = {isa = PBXFileReference; includeInIndex = 1; lastKnownFileType = text.xcconfig; name = "Pods-TwitterDemoTests.debug.xcconfig"; path = "Pods/Target Support Files/Pods-TwitterDemoTests/Pods-TwitterDemoTests.debug.xcconfig"; sourceTree = "<group>"; };
		436BFAAE75D156483844F8BF /* Pods-TwitterDemo.debug.xcconfig */ = {isa = PBXFileReference; includeInIndex = 1; lastKnownFileType = text.xcconfig; name = "Pods-TwitterDemo.debug.xcconfig"; path = "Pods/Target Support Files/Pods-TwitterDemo/Pods-TwitterDemo.debug.xcconfig"; sourceTree = "<group>"; };
		59396159CDCD257F0E368F05 /* Pods-TwitterDemo.release.xcconfig */ = {isa = PBXFileReference; includeInIndex = 1; lastKnownFileType = text.xcconfig; name = "Pods-TwitterDemo.release.xcconfig"; path = "Pods/Target Support Files/Pods-TwitterDemo/Pods-TwitterDemo.release.xcconfig"; sourceTree = "<group>"; };
		71B20FD6968D82246A2461A7 /* Pods_TwitterDemo.framework */ = {isa = PBXFileReference; explicitFileType = wrapper.framework; includeInIndex = 0; path = Pods_TwitterDemo.framework; sourceTree = BUILT_PRODUCTS_DIR; };
		77024F4A8C3CCA6750DB600A /* Pods_TwitterDemoUITests.framework */ = {isa = PBXFileReference; explicitFileType = wrapper.framework; includeInIndex = 0; path = Pods_TwitterDemoUITests.framework; sourceTree = BUILT_PRODUCTS_DIR; };
		7B858EAA646B6E36F08EA1A6 /* Pods-TwitterDemoTests.release.xcconfig */ = {isa = PBXFileReference; includeInIndex = 1; lastKnownFileType = text.xcconfig; name = "Pods-TwitterDemoTests.release.xcconfig"; path = "Pods/Target Support Files/Pods-TwitterDemoTests/Pods-TwitterDemoTests.release.xcconfig"; sourceTree = "<group>"; };
		8700A5841D21BFE00027B7CE /* TwitterDemo.app */ = {isa = PBXFileReference; explicitFileType = wrapper.application; includeInIndex = 0; path = TwitterDemo.app; sourceTree = BUILT_PRODUCTS_DIR; };
		8700A5871D21BFE00027B7CE /* AppDelegate.swift */ = {isa = PBXFileReference; lastKnownFileType = sourcecode.swift; path = AppDelegate.swift; sourceTree = "<group>"; };
		8700A58C1D21BFE00027B7CE /* Base */ = {isa = PBXFileReference; lastKnownFileType = file.storyboard; name = Base; path = Base.lproj/Main.storyboard; sourceTree = "<group>"; };
		8700A58E1D21BFE00027B7CE /* Assets.xcassets */ = {isa = PBXFileReference; lastKnownFileType = folder.assetcatalog; path = Assets.xcassets; sourceTree = "<group>"; };
		8700A5911D21BFE00027B7CE /* Base */ = {isa = PBXFileReference; lastKnownFileType = file.storyboard; name = Base; path = Base.lproj/LaunchScreen.storyboard; sourceTree = "<group>"; };
		8700A5931D21BFE00027B7CE /* Info.plist */ = {isa = PBXFileReference; lastKnownFileType = text.plist.xml; path = Info.plist; sourceTree = "<group>"; };
		8700A5981D21BFE00027B7CE /* TwitterDemoTests.xctest */ = {isa = PBXFileReference; explicitFileType = wrapper.cfbundle; includeInIndex = 0; path = TwitterDemoTests.xctest; sourceTree = BUILT_PRODUCTS_DIR; };
		8700A59C1D21BFE00027B7CE /* TwitterDemoTests.swift */ = {isa = PBXFileReference; lastKnownFileType = sourcecode.swift; path = TwitterDemoTests.swift; sourceTree = "<group>"; };
		8700A59E1D21BFE00027B7CE /* Info.plist */ = {isa = PBXFileReference; lastKnownFileType = text.plist.xml; path = Info.plist; sourceTree = "<group>"; };
		8700A5A31D21BFE00027B7CE /* TwitterDemoUITests.xctest */ = {isa = PBXFileReference; explicitFileType = wrapper.cfbundle; includeInIndex = 0; path = TwitterDemoUITests.xctest; sourceTree = BUILT_PRODUCTS_DIR; };
		8700A5A71D21BFE00027B7CE /* TwitterDemoUITests.swift */ = {isa = PBXFileReference; lastKnownFileType = sourcecode.swift; path = TwitterDemoUITests.swift; sourceTree = "<group>"; };
		8700A5A91D21BFE00027B7CE /* Info.plist */ = {isa = PBXFileReference; lastKnownFileType = text.plist.xml; path = Info.plist; sourceTree = "<group>"; };
		8700A5B51D21C1AB0027B7CE /* LoginViewController.swift */ = {isa = PBXFileReference; fileEncoding = 4; lastKnownFileType = sourcecode.swift; path = LoginViewController.swift; sourceTree = "<group>"; };
		8700A5BA1D21D7030027B7CE /* User.swift */ = {isa = PBXFileReference; fileEncoding = 4; lastKnownFileType = sourcecode.swift; path = User.swift; sourceTree = "<group>"; };
		8700A5BC1D21D71A0027B7CE /* Tweet.swift */ = {isa = PBXFileReference; fileEncoding = 4; lastKnownFileType = sourcecode.swift; path = Tweet.swift; sourceTree = "<group>"; };
		8700A5BE1D21E0420027B7CE /* TwitterClient.swift */ = {isa = PBXFileReference; fileEncoding = 4; lastKnownFileType = sourcecode.swift; path = TwitterClient.swift; sourceTree = "<group>"; };
		8700A5C01D221D730027B7CE /* TweetsViewController.swift */ = {isa = PBXFileReference; fileEncoding = 4; lastKnownFileType = sourcecode.swift; path = TweetsViewController.swift; sourceTree = "<group>"; };
		879F02AC1D2312F300526FBE /* TweetsCell.swift */ = {isa = PBXFileReference; fileEncoding = 4; lastKnownFileType = sourcecode.swift; path = TweetsCell.swift; sourceTree = "<group>"; };
		87CB8FE31D236C31006C47AA /* HomeDetailViewController.swift */ = {isa = PBXFileReference; fileEncoding = 4; lastKnownFileType = sourcecode.swift; path = HomeDetailViewController.swift; sourceTree = "<group>"; };
		87CB8FE51D239AC6006C47AA /* ProfileViewController.swift */ = {isa = PBXFileReference; fileEncoding = 4; lastKnownFileType = sourcecode.swift; path = ProfileViewController.swift; sourceTree = "<group>"; };
		87CB8FE71D2445E4006C47AA /* AnyProfileViewController.swift */ = {isa = PBXFileReference; fileEncoding = 4; lastKnownFileType = sourcecode.swift; path = AnyProfileViewController.swift; sourceTree = "<group>"; };
		87CB8FE91D247C4E006C47AA /* ComposeViewController.swift */ = {isa = PBXFileReference; fileEncoding = 4; lastKnownFileType = sourcecode.swift; path = ComposeViewController.swift; sourceTree = "<group>"; };
		87CB90271D26F229006C47AA /* ProfileTableViewCell.swift */ = {isa = PBXFileReference; fileEncoding = 4; lastKnownFileType = sourcecode.swift; path = ProfileTableViewCell.swift; sourceTree = "<group>"; };
		9C723AAA789B567977E1769A /* Pods_TwitterDemoTests.framework */ = {isa = PBXFileReference; explicitFileType = wrapper.framework; includeInIndex = 0; path = Pods_TwitterDemoTests.framework; sourceTree = BUILT_PRODUCTS_DIR; };
		E9DE1D24EE3FDD89AA97A70F /* Pods-TwitterDemoUITests.release.xcconfig */ = {isa = PBXFileReference; includeInIndex = 1; lastKnownFileType = text.xcconfig; name = "Pods-TwitterDemoUITests.release.xcconfig"; path = "Pods/Target Support Files/Pods-TwitterDemoUITests/Pods-TwitterDemoUITests.release.xcconfig"; sourceTree = "<group>"; };
		FFC6BDDE22E07A64B2E81476 /* Pods-TwitterDemoUITests.debug.xcconfig */ = {isa = PBXFileReference; includeInIndex = 1; lastKnownFileType = text.xcconfig; name = "Pods-TwitterDemoUITests.debug.xcconfig"; path = "Pods/Target Support Files/Pods-TwitterDemoUITests/Pods-TwitterDemoUITests.debug.xcconfig"; sourceTree = "<group>"; };
/* End PBXFileReference section */

/* Begin PBXFrameworksBuildPhase section */
		8700A5811D21BFE00027B7CE /* Frameworks */ = {
			isa = PBXFrameworksBuildPhase;
			buildActionMask = 2147483647;
			files = (
				EF68E729A7C1D0F20CA070D6 /* Pods_TwitterDemo.framework in Frameworks */,
			);
			runOnlyForDeploymentPostprocessing = 0;
		};
		8700A5951D21BFE00027B7CE /* Frameworks */ = {
			isa = PBXFrameworksBuildPhase;
			buildActionMask = 2147483647;
			files = (
				0A1A61B3B8BBB867190E5564 /* Pods_TwitterDemoTests.framework in Frameworks */,
			);
			runOnlyForDeploymentPostprocessing = 0;
		};
		8700A5A01D21BFE00027B7CE /* Frameworks */ = {
			isa = PBXFrameworksBuildPhase;
			buildActionMask = 2147483647;
			files = (
				B64BD9B3C57E16E443BF7C90 /* Pods_TwitterDemoUITests.framework in Frameworks */,
			);
			runOnlyForDeploymentPostprocessing = 0;
		};
/* End PBXFrameworksBuildPhase section */

/* Begin PBXGroup section */
		3458DD05D149C8A340F3FBCA /* Pods */ = {
			isa = PBXGroup;
			children = (
				436BFAAE75D156483844F8BF /* Pods-TwitterDemo.debug.xcconfig */,
				59396159CDCD257F0E368F05 /* Pods-TwitterDemo.release.xcconfig */,
				0BA3C6355C4DDAE02A100985 /* Pods-TwitterDemoTests.debug.xcconfig */,
				7B858EAA646B6E36F08EA1A6 /* Pods-TwitterDemoTests.release.xcconfig */,
				FFC6BDDE22E07A64B2E81476 /* Pods-TwitterDemoUITests.debug.xcconfig */,
				E9DE1D24EE3FDD89AA97A70F /* Pods-TwitterDemoUITests.release.xcconfig */,
			);
			name = Pods;
			sourceTree = "<group>";
		};
		7992FE2F28F29AF0F68F5B12 /* Frameworks */ = {
			isa = PBXGroup;
			children = (
				71B20FD6968D82246A2461A7 /* Pods_TwitterDemo.framework */,
				9C723AAA789B567977E1769A /* Pods_TwitterDemoTests.framework */,
				77024F4A8C3CCA6750DB600A /* Pods_TwitterDemoUITests.framework */,
			);
			name = Frameworks;
			sourceTree = "<group>";
		};
		8700A57B1D21BFE00027B7CE = {
			isa = PBXGroup;
			children = (
				8700A5861D21BFE00027B7CE /* TwitterDemo */,
				8700A59B1D21BFE00027B7CE /* TwitterDemoTests */,
				8700A5A61D21BFE00027B7CE /* TwitterDemoUITests */,
				8700A5851D21BFE00027B7CE /* Products */,
				3458DD05D149C8A340F3FBCA /* Pods */,
				7992FE2F28F29AF0F68F5B12 /* Frameworks */,
			);
			sourceTree = "<group>";
		};
		8700A5851D21BFE00027B7CE /* Products */ = {
			isa = PBXGroup;
			children = (
				8700A5841D21BFE00027B7CE /* TwitterDemo.app */,
				8700A5981D21BFE00027B7CE /* TwitterDemoTests.xctest */,
				8700A5A31D21BFE00027B7CE /* TwitterDemoUITests.xctest */,
			);
			name = Products;
			sourceTree = "<group>";
		};
		8700A5861D21BFE00027B7CE /* TwitterDemo */ = {
			isa = PBXGroup;
			children = (
				8700A5B91D21D6C80027B7CE /* API */,
				8700A5B81D21D6B20027B7CE /* View Controllers */,
				8700A5B71D21D6A10027B7CE /* Models */,
				8700A5871D21BFE00027B7CE /* AppDelegate.swift */,
				8700A58B1D21BFE00027B7CE /* Main.storyboard */,
				8700A58E1D21BFE00027B7CE /* Assets.xcassets */,
				8700A5901D21BFE00027B7CE /* LaunchScreen.storyboard */,
				8700A5931D21BFE00027B7CE /* Info.plist */,
			);
			path = TwitterDemo;
			sourceTree = "<group>";
		};
		8700A59B1D21BFE00027B7CE /* TwitterDemoTests */ = {
			isa = PBXGroup;
			children = (
				8700A59C1D21BFE00027B7CE /* TwitterDemoTests.swift */,
				8700A59E1D21BFE00027B7CE /* Info.plist */,
			);
			path = TwitterDemoTests;
			sourceTree = "<group>";
		};
		8700A5A61D21BFE00027B7CE /* TwitterDemoUITests */ = {
			isa = PBXGroup;
			children = (
				8700A5A71D21BFE00027B7CE /* TwitterDemoUITests.swift */,
				8700A5A91D21BFE00027B7CE /* Info.plist */,
			);
			path = TwitterDemoUITests;
			sourceTree = "<group>";
		};
		8700A5B71D21D6A10027B7CE /* Models */ = {
			isa = PBXGroup;
			children = (
				8700A5BA1D21D7030027B7CE /* User.swift */,
				8700A5BC1D21D71A0027B7CE /* Tweet.swift */,
			);
			name = Models;
			sourceTree = "<group>";
		};
		8700A5B81D21D6B20027B7CE /* View Controllers */ = {
			isa = PBXGroup;
			children = (
				8700A5B51D21C1AB0027B7CE /* LoginViewController.swift */,
				8700A5C01D221D730027B7CE /* TweetsViewController.swift */,
				879F02AC1D2312F300526FBE /* TweetsCell.swift */,
				87CB8FE31D236C31006C47AA /* HomeDetailViewController.swift */,
				87CB8FE51D239AC6006C47AA /* ProfileViewController.swift */,
				87CB8FE71D2445E4006C47AA /* AnyProfileViewController.swift */,
				87CB8FE91D247C4E006C47AA /* ComposeViewController.swift */,
				87CB90271D26F229006C47AA /* ProfileTableViewCell.swift */,
			);
			name = "View Controllers";
			sourceTree = "<group>";
		};
		8700A5B91D21D6C80027B7CE /* API */ = {
			isa = PBXGroup;
			children = (
				8700A5BE1D21E0420027B7CE /* TwitterClient.swift */,
			);
			name = API;
			sourceTree = "<group>";
		};
/* End PBXGroup section */

/* Begin PBXNativeTarget section */
		8700A5831D21BFE00027B7CE /* TwitterDemo */ = {
			isa = PBXNativeTarget;
			buildConfigurationList = 8700A5AC1D21BFE10027B7CE /* Build configuration list for PBXNativeTarget "TwitterDemo" */;
			buildPhases = (
				B6F0EC892BDC9C779E4643C3 /* [CP] Check Pods Manifest.lock */,
				8700A5801D21BFE00027B7CE /* Sources */,
				8700A5811D21BFE00027B7CE /* Frameworks */,
				8700A5821D21BFE00027B7CE /* Resources */,
				0B12AB59BDEAE36B0297F9D3 /* [CP] Embed Pods Frameworks */,
				927DDC9D956F1D2963A1C556 /* [CP] Copy Pods Resources */,
			);
			buildRules = (
			);
			dependencies = (
			);
			name = TwitterDemo;
			productName = TwitterDemo;
			productReference = 8700A5841D21BFE00027B7CE /* TwitterDemo.app */;
			productType = "com.apple.product-type.application";
		};
		8700A5971D21BFE00027B7CE /* TwitterDemoTests */ = {
			isa = PBXNativeTarget;
			buildConfigurationList = 8700A5AF1D21BFE10027B7CE /* Build configuration list for PBXNativeTarget "TwitterDemoTests" */;
			buildPhases = (
				1EDBA0316C3EBFDFCE03F13D /* [CP] Check Pods Manifest.lock */,
				8700A5941D21BFE00027B7CE /* Sources */,
				8700A5951D21BFE00027B7CE /* Frameworks */,
				8700A5961D21BFE00027B7CE /* Resources */,
				99083D8E74C799947615D38C /* [CP] Embed Pods Frameworks */,
				6BCC8DCF37C16CDDC48309B4 /* [CP] Copy Pods Resources */,
			);
			buildRules = (
			);
			dependencies = (
				8700A59A1D21BFE00027B7CE /* PBXTargetDependency */,
			);
			name = TwitterDemoTests;
			productName = TwitterDemoTests;
			productReference = 8700A5981D21BFE00027B7CE /* TwitterDemoTests.xctest */;
			productType = "com.apple.product-type.bundle.unit-test";
		};
		8700A5A21D21BFE00027B7CE /* TwitterDemoUITests */ = {
			isa = PBXNativeTarget;
			buildConfigurationList = 8700A5B21D21BFE10027B7CE /* Build configuration list for PBXNativeTarget "TwitterDemoUITests" */;
			buildPhases = (
				D892F0D5D21AAFFF9C9EF14D /* [CP] Check Pods Manifest.lock */,
				8700A59F1D21BFE00027B7CE /* Sources */,
				8700A5A01D21BFE00027B7CE /* Frameworks */,
				8700A5A11D21BFE00027B7CE /* Resources */,
				20D1D63E837766F684F4E8B7 /* [CP] Copy Pods Resources */,
			);
			buildRules = (
			);
			dependencies = (
				8700A5A51D21BFE00027B7CE /* PBXTargetDependency */,
			);
			name = TwitterDemoUITests;
			productName = TwitterDemoUITests;
			productReference = 8700A5A31D21BFE00027B7CE /* TwitterDemoUITests.xctest */;
			productType = "com.apple.product-type.bundle.ui-testing";
		};
/* End PBXNativeTarget section */

/* Begin PBXProject section */
		8700A57C1D21BFE00027B7CE /* Project object */ = {
			isa = PBXProject;
			attributes = {
				LastSwiftUpdateCheck = 0730;
				LastUpgradeCheck = 0730;
				ORGANIZATIONNAME = "Dominique Macias";
				TargetAttributes = {
					8700A5831D21BFE00027B7CE = {
						CreatedOnToolsVersion = 7.3.1;
					};
					8700A5971D21BFE00027B7CE = {
						CreatedOnToolsVersion = 7.3.1;
						TestTargetID = 8700A5831D21BFE00027B7CE;
					};
					8700A5A21D21BFE00027B7CE = {
						CreatedOnToolsVersion = 7.3.1;
						TestTargetID = 8700A5831D21BFE00027B7CE;
					};
				};
			};
			buildConfigurationList = 8700A57F1D21BFE00027B7CE /* Build configuration list for PBXProject "TwitterDemo" */;
			compatibilityVersion = "Xcode 3.2";
			developmentRegion = English;
			hasScannedForEncodings = 0;
			knownRegions = (
				en,
				Base,
			);
			mainGroup = 8700A57B1D21BFE00027B7CE;
			productRefGroup = 8700A5851D21BFE00027B7CE /* Products */;
			projectDirPath = "";
			projectRoot = "";
			targets = (
				8700A5831D21BFE00027B7CE /* TwitterDemo */,
				8700A5971D21BFE00027B7CE /* TwitterDemoTests */,
				8700A5A21D21BFE00027B7CE /* TwitterDemoUITests */,
			);
		};
/* End PBXProject section */

/* Begin PBXResourcesBuildPhase section */
		8700A5821D21BFE00027B7CE /* Resources */ = {
			isa = PBXResourcesBuildPhase;
			buildActionMask = 2147483647;
			files = (
				8700A5921D21BFE00027B7CE /* LaunchScreen.storyboard in Resources */,
				8700A58F1D21BFE00027B7CE /* Assets.xcassets in Resources */,
				8700A58D1D21BFE00027B7CE /* Main.storyboard in Resources */,
			);
			runOnlyForDeploymentPostprocessing = 0;
		};
		8700A5961D21BFE00027B7CE /* Resources */ = {
			isa = PBXResourcesBuildPhase;
			buildActionMask = 2147483647;
			files = (
			);
			runOnlyForDeploymentPostprocessing = 0;
		};
		8700A5A11D21BFE00027B7CE /* Resources */ = {
			isa = PBXResourcesBuildPhase;
			buildActionMask = 2147483647;
			files = (
			);
			runOnlyForDeploymentPostprocessing = 0;
		};
/* End PBXResourcesBuildPhase section */

/* Begin PBXShellScriptBuildPhase section */
		0B12AB59BDEAE36B0297F9D3 /* [CP] Embed Pods Frameworks */ = {
			isa = PBXShellScriptBuildPhase;
			buildActionMask = 2147483647;
			files = (
			);
			inputPaths = (
			);
			name = "[CP] Embed Pods Frameworks";
			outputPaths = (
			);
			runOnlyForDeploymentPostprocessing = 0;
			shellPath = /bin/sh;
			shellScript = "\"${SRCROOT}/Pods/Target Support Files/Pods-TwitterDemo/Pods-TwitterDemo-frameworks.sh\"\n";
			showEnvVarsInLog = 0;
		};
		1EDBA0316C3EBFDFCE03F13D /* [CP] Check Pods Manifest.lock */ = {
			isa = PBXShellScriptBuildPhase;
			buildActionMask = 2147483647;
			files = (
			);
			inputPaths = (
			);
			name = "[CP] Check Pods Manifest.lock";
			outputPaths = (
			);
			runOnlyForDeploymentPostprocessing = 0;
			shellPath = /bin/sh;
			shellScript = "diff \"${PODS_ROOT}/../Podfile.lock\" \"${PODS_ROOT}/Manifest.lock\" > /dev/null\nif [[ $? != 0 ]] ; then\n    cat << EOM\nerror: The sandbox is not in sync with the Podfile.lock. Run 'pod install' or update your CocoaPods installation.\nEOM\n    exit 1\nfi\n";
			showEnvVarsInLog = 0;
		};
		20D1D63E837766F684F4E8B7 /* [CP] Copy Pods Resources */ = {
			isa = PBXShellScriptBuildPhase;
			buildActionMask = 2147483647;
			files = (
			);
			inputPaths = (
			);
			name = "[CP] Copy Pods Resources";
			outputPaths = (
			);
			runOnlyForDeploymentPostprocessing = 0;
			shellPath = /bin/sh;
			shellScript = "\"${SRCROOT}/Pods/Target Support Files/Pods-TwitterDemoUITests/Pods-TwitterDemoUITests-resources.sh\"\n";
			showEnvVarsInLog = 0;
		};
		6BCC8DCF37C16CDDC48309B4 /* [CP] Copy Pods Resources */ = {
			isa = PBXShellScriptBuildPhase;
			buildActionMask = 2147483647;
			files = (
			);
			inputPaths = (
			);
			name = "[CP] Copy Pods Resources";
			outputPaths = (
			);
			runOnlyForDeploymentPostprocessing = 0;
			shellPath = /bin/sh;
			shellScript = "\"${SRCROOT}/Pods/Target Support Files/Pods-TwitterDemoTests/Pods-TwitterDemoTests-resources.sh\"\n";
			showEnvVarsInLog = 0;
		};
		927DDC9D956F1D2963A1C556 /* [CP] Copy Pods Resources */ = {
			isa = PBXShellScriptBuildPhase;
			buildActionMask = 2147483647;
			files = (
			);
			inputPaths = (
			);
			name = "[CP] Copy Pods Resources";
			outputPaths = (
			);
			runOnlyForDeploymentPostprocessing = 0;
			shellPath = /bin/sh;
			shellScript = "\"${SRCROOT}/Pods/Target Support Files/Pods-TwitterDemo/Pods-TwitterDemo-resources.sh\"\n";
			showEnvVarsInLog = 0;
		};
		99083D8E74C799947615D38C /* [CP] Embed Pods Frameworks */ = {
			isa = PBXShellScriptBuildPhase;
			buildActionMask = 2147483647;
			files = (
			);
			inputPaths = (
			);
			name = "[CP] Embed Pods Frameworks";
			outputPaths = (
			);
			runOnlyForDeploymentPostprocessing = 0;
			shellPath = /bin/sh;
			shellScript = "\"${SRCROOT}/Pods/Target Support Files/Pods-TwitterDemoTests/Pods-TwitterDemoTests-frameworks.sh\"\n";
			showEnvVarsInLog = 0;
		};
		B6F0EC892BDC9C779E4643C3 /* [CP] Check Pods Manifest.lock */ = {
			isa = PBXShellScriptBuildPhase;
			buildActionMask = 2147483647;
			files = (
			);
			inputPaths = (
			);
			name = "[CP] Check Pods Manifest.lock";
			outputPaths = (
			);
			runOnlyForDeploymentPostprocessing = 0;
			shellPath = /bin/sh;
			shellScript = "diff \"${PODS_ROOT}/../Podfile.lock\" \"${PODS_ROOT}/Manifest.lock\" > /dev/null\nif [[ $? != 0 ]] ; then\n    cat << EOM\nerror: The sandbox is not in sync with the Podfile.lock. Run 'pod install' or update your CocoaPods installation.\nEOM\n    exit 1\nfi\n";
			showEnvVarsInLog = 0;
		};
		D892F0D5D21AAFFF9C9EF14D /* [CP] Check Pods Manifest.lock */ = {
			isa = PBXShellScriptBuildPhase;
			buildActionMask = 2147483647;
			files = (
			);
			inputPaths = (
			);
			name = "[CP] Check Pods Manifest.lock";
			outputPaths = (
			);
			runOnlyForDeploymentPostprocessing = 0;
			shellPath = /bin/sh;
			shellScript = "diff \"${PODS_ROOT}/../Podfile.lock\" \"${PODS_ROOT}/Manifest.lock\" > /dev/null\nif [[ $? != 0 ]] ; then\n    cat << EOM\nerror: The sandbox is not in sync with the Podfile.lock. Run 'pod install' or update your CocoaPods installation.\nEOM\n    exit 1\nfi\n";
			showEnvVarsInLog = 0;
		};
/* End PBXShellScriptBuildPhase section */

/* Begin PBXSourcesBuildPhase section */
		8700A5801D21BFE00027B7CE /* Sources */ = {
			isa = PBXSourcesBuildPhase;
			buildActionMask = 2147483647;
			files = (
				8700A5BB1D21D7030027B7CE /* User.swift in Sources */,
				87CB8FE81D2445E4006C47AA /* AnyProfileViewController.swift in Sources */,
				879F02AD1D2312F300526FBE /* TweetsCell.swift in Sources */,
				8700A5BD1D21D71A0027B7CE /* Tweet.swift in Sources */,
				8700A5B61D21C1AB0027B7CE /* LoginViewController.swift in Sources */,
				87CB8FE41D236C31006C47AA /* HomeDetailViewController.swift in Sources */,
				87CB8FEA1D247C4E006C47AA /* ComposeViewController.swift in Sources */,
				8700A5C11D221D730027B7CE /* TweetsViewController.swift in Sources */,
				87CB8FE61D239AC6006C47AA /* ProfileViewController.swift in Sources */,
				87CB90281D26F229006C47AA /* ProfileTableViewCell.swift in Sources */,
				8700A5BF1D21E0420027B7CE /* TwitterClient.swift in Sources */,
				8700A5881D21BFE00027B7CE /* AppDelegate.swift in Sources */,
			);
			runOnlyForDeploymentPostprocessing = 0;
		};
		8700A5941D21BFE00027B7CE /* Sources */ = {
			isa = PBXSourcesBuildPhase;
			buildActionMask = 2147483647;
			files = (
				8700A59D1D21BFE00027B7CE /* TwitterDemoTests.swift in Sources */,
			);
			runOnlyForDeploymentPostprocessing = 0;
		};
		8700A59F1D21BFE00027B7CE /* Sources */ = {
			isa = PBXSourcesBuildPhase;
			buildActionMask = 2147483647;
			files = (
				8700A5A81D21BFE00027B7CE /* TwitterDemoUITests.swift in Sources */,
			);
			runOnlyForDeploymentPostprocessing = 0;
		};
/* End PBXSourcesBuildPhase section */

/* Begin PBXTargetDependency section */
		8700A59A1D21BFE00027B7CE /* PBXTargetDependency */ = {
			isa = PBXTargetDependency;
			target = 8700A5831D21BFE00027B7CE /* TwitterDemo */;
			targetProxy = 8700A5991D21BFE00027B7CE /* PBXContainerItemProxy */;
		};
		8700A5A51D21BFE00027B7CE /* PBXTargetDependency */ = {
			isa = PBXTargetDependency;
			target = 8700A5831D21BFE00027B7CE /* TwitterDemo */;
			targetProxy = 8700A5A41D21BFE00027B7CE /* PBXContainerItemProxy */;
		};
/* End PBXTargetDependency section */

/* Begin PBXVariantGroup section */
		8700A58B1D21BFE00027B7CE /* Main.storyboard */ = {
			isa = PBXVariantGroup;
			children = (
				8700A58C1D21BFE00027B7CE /* Base */,
			);
			name = Main.storyboard;
			sourceTree = "<group>";
		};
		8700A5901D21BFE00027B7CE /* LaunchScreen.storyboard */ = {
			isa = PBXVariantGroup;
			children = (
				8700A5911D21BFE00027B7CE /* Base */,
			);
			name = LaunchScreen.storyboard;
			sourceTree = "<group>";
		};
/* End PBXVariantGroup section */

/* Begin XCBuildConfiguration section */
		8700A5AA1D21BFE10027B7CE /* Debug */ = {
			isa = XCBuildConfiguration;
			buildSettings = {
				ALWAYS_SEARCH_USER_PATHS = NO;
				CLANG_ANALYZER_NONNULL = YES;
				CLANG_CXX_LANGUAGE_STANDARD = "gnu++0x";
				CLANG_CXX_LIBRARY = "libc++";
				CLANG_ENABLE_MODULES = YES;
				CLANG_ENABLE_OBJC_ARC = YES;
				CLANG_WARN_BOOL_CONVERSION = YES;
				CLANG_WARN_CONSTANT_CONVERSION = YES;
				CLANG_WARN_DIRECT_OBJC_ISA_USAGE = YES_ERROR;
				CLANG_WARN_EMPTY_BODY = YES;
				CLANG_WARN_ENUM_CONVERSION = YES;
				CLANG_WARN_INT_CONVERSION = YES;
				CLANG_WARN_OBJC_ROOT_CLASS = YES_ERROR;
				CLANG_WARN_UNREACHABLE_CODE = YES;
				CLANG_WARN__DUPLICATE_METHOD_MATCH = YES;
				"CODE_SIGN_IDENTITY[sdk=iphoneos*]" = "iPhone Developer";
				COPY_PHASE_STRIP = NO;
				DEBUG_INFORMATION_FORMAT = dwarf;
				ENABLE_STRICT_OBJC_MSGSEND = YES;
				ENABLE_TESTABILITY = YES;
				GCC_C_LANGUAGE_STANDARD = gnu99;
				GCC_DYNAMIC_NO_PIC = NO;
				GCC_NO_COMMON_BLOCKS = YES;
				GCC_OPTIMIZATION_LEVEL = 0;
				GCC_PREPROCESSOR_DEFINITIONS = (
					"DEBUG=1",
					"$(inherited)",
				);
				GCC_WARN_64_TO_32_BIT_CONVERSION = YES;
				GCC_WARN_ABOUT_RETURN_TYPE = YES_ERROR;
				GCC_WARN_UNDECLARED_SELECTOR = YES;
				GCC_WARN_UNINITIALIZED_AUTOS = YES_AGGRESSIVE;
				GCC_WARN_UNUSED_FUNCTION = YES;
				GCC_WARN_UNUSED_VARIABLE = YES;
				IPHONEOS_DEPLOYMENT_TARGET = 9.3;
				MTL_ENABLE_DEBUG_INFO = YES;
				ONLY_ACTIVE_ARCH = YES;
				SDKROOT = iphoneos;
				SWIFT_OPTIMIZATION_LEVEL = "-Onone";
			};
			name = Debug;
		};
		8700A5AB1D21BFE10027B7CE /* Release */ = {
			isa = XCBuildConfiguration;
			buildSettings = {
				ALWAYS_SEARCH_USER_PATHS = NO;
				CLANG_ANALYZER_NONNULL = YES;
				CLANG_CXX_LANGUAGE_STANDARD = "gnu++0x";
				CLANG_CXX_LIBRARY = "libc++";
				CLANG_ENABLE_MODULES = YES;
				CLANG_ENABLE_OBJC_ARC = YES;
				CLANG_WARN_BOOL_CONVERSION = YES;
				CLANG_WARN_CONSTANT_CONVERSION = YES;
				CLANG_WARN_DIRECT_OBJC_ISA_USAGE = YES_ERROR;
				CLANG_WARN_EMPTY_BODY = YES;
				CLANG_WARN_ENUM_CONVERSION = YES;
				CLANG_WARN_INT_CONVERSION = YES;
				CLANG_WARN_OBJC_ROOT_CLASS = YES_ERROR;
				CLANG_WARN_UNREACHABLE_CODE = YES;
				CLANG_WARN__DUPLICATE_METHOD_MATCH = YES;
				"CODE_SIGN_IDENTITY[sdk=iphoneos*]" = "iPhone Developer";
				COPY_PHASE_STRIP = NO;
				DEBUG_INFORMATION_FORMAT = "dwarf-with-dsym";
				ENABLE_NS_ASSERTIONS = NO;
				ENABLE_STRICT_OBJC_MSGSEND = YES;
				GCC_C_LANGUAGE_STANDARD = gnu99;
				GCC_NO_COMMON_BLOCKS = YES;
				GCC_WARN_64_TO_32_BIT_CONVERSION = YES;
				GCC_WARN_ABOUT_RETURN_TYPE = YES_ERROR;
				GCC_WARN_UNDECLARED_SELECTOR = YES;
				GCC_WARN_UNINITIALIZED_AUTOS = YES_AGGRESSIVE;
				GCC_WARN_UNUSED_FUNCTION = YES;
				GCC_WARN_UNUSED_VARIABLE = YES;
				IPHONEOS_DEPLOYMENT_TARGET = 9.3;
				MTL_ENABLE_DEBUG_INFO = NO;
				SDKROOT = iphoneos;
				VALIDATE_PRODUCT = YES;
			};
			name = Release;
		};
		8700A5AD1D21BFE10027B7CE /* Debug */ = {
			isa = XCBuildConfiguration;
			baseConfigurationReference = 436BFAAE75D156483844F8BF /* Pods-TwitterDemo.debug.xcconfig */;
			buildSettings = {
				ASSETCATALOG_COMPILER_APPICON_NAME = AppIcon;
				INFOPLIST_FILE = TwitterDemo/Info.plist;
				LD_RUNPATH_SEARCH_PATHS = "$(inherited) @executable_path/Frameworks";
				PRODUCT_BUNDLE_IDENTIFIER = com.codepath.TwitterDemo;
				PRODUCT_NAME = "$(TARGET_NAME)";
			};
			name = Debug;
		};
		8700A5AE1D21BFE10027B7CE /* Release */ = {
			isa = XCBuildConfiguration;
			baseConfigurationReference = 59396159CDCD257F0E368F05 /* Pods-TwitterDemo.release.xcconfig */;
			buildSettings = {
				ASSETCATALOG_COMPILER_APPICON_NAME = AppIcon;
				INFOPLIST_FILE = TwitterDemo/Info.plist;
				LD_RUNPATH_SEARCH_PATHS = "$(inherited) @executable_path/Frameworks";
				PRODUCT_BUNDLE_IDENTIFIER = com.codepath.TwitterDemo;
				PRODUCT_NAME = "$(TARGET_NAME)";
			};
			name = Release;
		};
		8700A5B01D21BFE10027B7CE /* Debug */ = {
			isa = XCBuildConfiguration;
			baseConfigurationReference = 0BA3C6355C4DDAE02A100985 /* Pods-TwitterDemoTests.debug.xcconfig */;
			buildSettings = {
				BUNDLE_LOADER = "$(TEST_HOST)";
				INFOPLIST_FILE = TwitterDemoTests/Info.plist;
				LD_RUNPATH_SEARCH_PATHS = "$(inherited) @executable_path/Frameworks @loader_path/Frameworks";
				PRODUCT_BUNDLE_IDENTIFIER = com.codepath.TwitterDemoTests;
				PRODUCT_NAME = "$(TARGET_NAME)";
				TEST_HOST = "$(BUILT_PRODUCTS_DIR)/TwitterDemo.app/TwitterDemo";
			};
			name = Debug;
		};
		8700A5B11D21BFE10027B7CE /* Release */ = {
			isa = XCBuildConfiguration;
			baseConfigurationReference = 7B858EAA646B6E36F08EA1A6 /* Pods-TwitterDemoTests.release.xcconfig */;
			buildSettings = {
				BUNDLE_LOADER = "$(TEST_HOST)";
				INFOPLIST_FILE = TwitterDemoTests/Info.plist;
				LD_RUNPATH_SEARCH_PATHS = "$(inherited) @executable_path/Frameworks @loader_path/Frameworks";
				PRODUCT_BUNDLE_IDENTIFIER = com.codepath.TwitterDemoTests;
				PRODUCT_NAME = "$(TARGET_NAME)";
				TEST_HOST = "$(BUILT_PRODUCTS_DIR)/TwitterDemo.app/TwitterDemo";
			};
			name = Release;
		};
		8700A5B31D21BFE10027B7CE /* Debug */ = {
			isa = XCBuildConfiguration;
			baseConfigurationReference = FFC6BDDE22E07A64B2E81476 /* Pods-TwitterDemoUITests.debug.xcconfig */;
			buildSettings = {
				INFOPLIST_FILE = TwitterDemoUITests/Info.plist;
				LD_RUNPATH_SEARCH_PATHS = "$(inherited) @executable_path/Frameworks @loader_path/Frameworks";
				PRODUCT_BUNDLE_IDENTIFIER = com.codepath.TwitterDemoUITests;
				PRODUCT_NAME = "$(TARGET_NAME)";
				TEST_TARGET_NAME = TwitterDemo;
			};
			name = Debug;
		};
		8700A5B41D21BFE10027B7CE /* Release */ = {
			isa = XCBuildConfiguration;
			baseConfigurationReference = E9DE1D24EE3FDD89AA97A70F /* Pods-TwitterDemoUITests.release.xcconfig */;
			buildSettings = {
				INFOPLIST_FILE = TwitterDemoUITests/Info.plist;
				LD_RUNPATH_SEARCH_PATHS = "$(inherited) @executable_path/Frameworks @loader_path/Frameworks";
				PRODUCT_BUNDLE_IDENTIFIER = com.codepath.TwitterDemoUITests;
				PRODUCT_NAME = "$(TARGET_NAME)";
				TEST_TARGET_NAME = TwitterDemo;
			};
			name = Release;
		};
/* End XCBuildConfiguration section */

/* Begin XCConfigurationList section */
		8700A57F1D21BFE00027B7CE /* Build configuration list for PBXProject "TwitterDemo" */ = {
			isa = XCConfigurationList;
			buildConfigurations = (
				8700A5AA1D21BFE10027B7CE /* Debug */,
				8700A5AB1D21BFE10027B7CE /* Release */,
			);
			defaultConfigurationIsVisible = 0;
			defaultConfigurationName = Release;
		};
		8700A5AC1D21BFE10027B7CE /* Build configuration list for PBXNativeTarget "TwitterDemo" */ = {
			isa = XCConfigurationList;
			buildConfigurations = (
				8700A5AD1D21BFE10027B7CE /* Debug */,
				8700A5AE1D21BFE10027B7CE /* Release */,
			);
			defaultConfigurationIsVisible = 0;
			defaultConfigurationName = Release;
		};
		8700A5AF1D21BFE10027B7CE /* Build configuration list for PBXNativeTarget "TwitterDemoTests" */ = {
			isa = XCConfigurationList;
			buildConfigurations = (
				8700A5B01D21BFE10027B7CE /* Debug */,
				8700A5B11D21BFE10027B7CE /* Release */,
			);
			defaultConfigurationIsVisible = 0;
			defaultConfigurationName = Release;
		};
		8700A5B21D21BFE10027B7CE /* Build configuration list for PBXNativeTarget "TwitterDemoUITests" */ = {
			isa = XCConfigurationList;
			buildConfigurations = (
				8700A5B31D21BFE10027B7CE /* Debug */,
				8700A5B41D21BFE10027B7CE /* Release */,
			);
			defaultConfigurationIsVisible = 0;
			defaultConfigurationName = Release;
		};
/* End XCConfigurationList section */
	};
	rootObject = 8700A57C1D21BFE00027B7CE /* Project object */;
}
